// !$*UTF8*$!
{
	archiveVersion = 1;
	classes = {
	};
	objectVersion = 51;
	objects = {

/* Begin PBXBuildFile section */
		0EDE4F11A65E364AE4FAF57E /* Pods_RidecallUITests.framework in Frameworks */ = {isa = PBXBuildFile; fileRef = CF19E130A522B50933A96AF8 /* Pods_RidecallUITests.framework */; };
		457A399E4DE096C742F62C70 /* Pods_RidecallTests.framework in Frameworks */ = {isa = PBXBuildFile; fileRef = 3565283A1F4A4F2E0C1EBC73 /* Pods_RidecallTests.framework */; };
		4CF08EF20DAAB5B0DF87FDDF /* Pods_Ridecall.framework in Frameworks */ = {isa = PBXBuildFile; fileRef = 231FB7E9AFDF7F5D904FDFAA /* Pods_Ridecall.framework */; };
		5903527B22B870F900FA1056 /* AppDelegate.swift in Sources */ = {isa = PBXBuildFile; fileRef = 5903527A22B870F900FA1056 /* AppDelegate.swift */; };
		5903527D22B870F900FA1056 /* ViewController.swift in Sources */ = {isa = PBXBuildFile; fileRef = 5903527C22B870F900FA1056 /* ViewController.swift */; };
		5903528022B870F900FA1056 /* Main.storyboard in Resources */ = {isa = PBXBuildFile; fileRef = 5903527E22B870F900FA1056 /* Main.storyboard */; };
		5903528322B870F900FA1056 /* Ridecall.xcdatamodeld in Sources */ = {isa = PBXBuildFile; fileRef = 5903528122B870F900FA1056 /* Ridecall.xcdatamodeld */; };
		5903528522B870FD00FA1056 /* Assets.xcassets in Resources */ = {isa = PBXBuildFile; fileRef = 5903528422B870FD00FA1056 /* Assets.xcassets */; };
		5903528822B870FD00FA1056 /* LaunchScreen.storyboard in Resources */ = {isa = PBXBuildFile; fileRef = 5903528622B870FD00FA1056 /* LaunchScreen.storyboard */; };
		590352AC22B8766C00FA1056 /* vehicles_data.json in Resources */ = {isa = PBXBuildFile; fileRef = 590352AB22B8766C00FA1056 /* vehicles_data.json */; };
		590352AE22B8885A00FA1056 /* Vehicle.swift in Sources */ = {isa = PBXBuildFile; fileRef = 590352AD22B8885A00FA1056 /* Vehicle.swift */; };
/* End PBXBuildFile section */

/* Begin PBXContainerItemProxy section */
		5903528F22B870FE00FA1056 /* PBXContainerItemProxy */ = {
			isa = PBXContainerItemProxy;
			containerPortal = 5903526F22B870F900FA1056 /* Project object */;
			proxyType = 1;
			remoteGlobalIDString = 5903527622B870F900FA1056;
			remoteInfo = Ridecall;
		};
		5903529A22B870FE00FA1056 /* PBXContainerItemProxy */ = {
			isa = PBXContainerItemProxy;
			containerPortal = 5903526F22B870F900FA1056 /* Project object */;
			proxyType = 1;
			remoteGlobalIDString = 5903527622B870F900FA1056;
			remoteInfo = Ridecall;
		};
/* End PBXContainerItemProxy section */

/* Begin PBXFileReference section */
		1C2C9CFE61756DF200454441 /* Pods-Ridecall.release.xcconfig */ = {isa = PBXFileReference; includeInIndex = 1; lastKnownFileType = text.xcconfig; name = "Pods-Ridecall.release.xcconfig"; path = "Target Support Files/Pods-Ridecall/Pods-Ridecall.release.xcconfig"; sourceTree = "<group>"; };
		231FB7E9AFDF7F5D904FDFAA /* Pods_Ridecall.framework */ = {isa = PBXFileReference; explicitFileType = wrapper.framework; includeInIndex = 0; path = Pods_Ridecall.framework; sourceTree = BUILT_PRODUCTS_DIR; };
		31C76AA76EB70D948354A707 /* Pods-RidecallTests.release.xcconfig */ = {isa = PBXFileReference; includeInIndex = 1; lastKnownFileType = text.xcconfig; name = "Pods-RidecallTests.release.xcconfig"; path = "Target Support Files/Pods-RidecallTests/Pods-RidecallTests.release.xcconfig"; sourceTree = "<group>"; };
		3565283A1F4A4F2E0C1EBC73 /* Pods_RidecallTests.framework */ = {isa = PBXFileReference; explicitFileType = wrapper.framework; includeInIndex = 0; path = Pods_RidecallTests.framework; sourceTree = BUILT_PRODUCTS_DIR; };
		433B1B93FCCF45AD3779A71A /* Pods-Ridecall.debug.xcconfig */ = {isa = PBXFileReference; includeInIndex = 1; lastKnownFileType = text.xcconfig; name = "Pods-Ridecall.debug.xcconfig"; path = "Target Support Files/Pods-Ridecall/Pods-Ridecall.debug.xcconfig"; sourceTree = "<group>"; };
		48E738C472C71313328AB658 /* Pods-RidecallUITests.release.xcconfig */ = {isa = PBXFileReference; includeInIndex = 1; lastKnownFileType = text.xcconfig; name = "Pods-RidecallUITests.release.xcconfig"; path = "Target Support Files/Pods-RidecallUITests/Pods-RidecallUITests.release.xcconfig"; sourceTree = "<group>"; };
		5903527722B870F900FA1056 /* Ridecall.app */ = {isa = PBXFileReference; explicitFileType = wrapper.application; includeInIndex = 0; path = Ridecall.app; sourceTree = BUILT_PRODUCTS_DIR; };
		5903527A22B870F900FA1056 /* AppDelegate.swift */ = {isa = PBXFileReference; lastKnownFileType = sourcecode.swift; path = AppDelegate.swift; sourceTree = "<group>"; };
		5903527C22B870F900FA1056 /* ViewController.swift */ = {isa = PBXFileReference; lastKnownFileType = sourcecode.swift; path = ViewController.swift; sourceTree = "<group>"; };
		5903527F22B870F900FA1056 /* Base */ = {isa = PBXFileReference; lastKnownFileType = file.storyboard; name = Base; path = Base.lproj/Main.storyboard; sourceTree = "<group>"; };
		5903528222B870F900FA1056 /* Ridecall.xcdatamodel */ = {isa = PBXFileReference; lastKnownFileType = wrapper.xcdatamodel; path = Ridecall.xcdatamodel; sourceTree = "<group>"; };
		5903528422B870FD00FA1056 /* Assets.xcassets */ = {isa = PBXFileReference; lastKnownFileType = folder.assetcatalog; path = Assets.xcassets; sourceTree = "<group>"; };
		5903528722B870FD00FA1056 /* Base */ = {isa = PBXFileReference; lastKnownFileType = file.storyboard; name = Base; path = Base.lproj/LaunchScreen.storyboard; sourceTree = "<group>"; };
		5903528922B870FD00FA1056 /* Info.plist */ = {isa = PBXFileReference; lastKnownFileType = text.plist.xml; path = Info.plist; sourceTree = "<group>"; };
		5903528E22B870FE00FA1056 /* RidecallTests.xctest */ = {isa = PBXFileReference; explicitFileType = wrapper.cfbundle; includeInIndex = 0; path = RidecallTests.xctest; sourceTree = BUILT_PRODUCTS_DIR; };
		5903529922B870FE00FA1056 /* RidecallUITests.xctest */ = {isa = PBXFileReference; explicitFileType = wrapper.cfbundle; includeInIndex = 0; path = RidecallUITests.xctest; sourceTree = BUILT_PRODUCTS_DIR; };
		590352AB22B8766C00FA1056 /* vehicles_data.json */ = {isa = PBXFileReference; fileEncoding = 4; lastKnownFileType = text.json; name = vehicles_data.json; path = ../../../../Downloads/vehicles_data.json; sourceTree = "<group>"; };
		590352AD22B8885A00FA1056 /* Vehicle.swift */ = {isa = PBXFileReference; lastKnownFileType = sourcecode.swift; path = Vehicle.swift; sourceTree = "<group>"; };
		AD5354070BBCCC7102CD6E87 /* Pods-RidecallTests.debug.xcconfig */ = {isa = PBXFileReference; includeInIndex = 1; lastKnownFileType = text.xcconfig; name = "Pods-RidecallTests.debug.xcconfig"; path = "Target Support Files/Pods-RidecallTests/Pods-RidecallTests.debug.xcconfig"; sourceTree = "<group>"; };
		CF19E130A522B50933A96AF8 /* Pods_RidecallUITests.framework */ = {isa = PBXFileReference; explicitFileType = wrapper.framework; includeInIndex = 0; path = Pods_RidecallUITests.framework; sourceTree = BUILT_PRODUCTS_DIR; };
		E33DBA4D929EFD942648CC02 /* Pods-RidecallUITests.debug.xcconfig */ = {isa = PBXFileReference; includeInIndex = 1; lastKnownFileType = text.xcconfig; name = "Pods-RidecallUITests.debug.xcconfig"; path = "Target Support Files/Pods-RidecallUITests/Pods-RidecallUITests.debug.xcconfig"; sourceTree = "<group>"; };
/* End PBXFileReference section */

/* Begin PBXFrameworksBuildPhase section */
		5903527422B870F900FA1056 /* Frameworks */ = {
			isa = PBXFrameworksBuildPhase;
			buildActionMask = 2147483647;
			files = (
				4CF08EF20DAAB5B0DF87FDDF /* Pods_Ridecall.framework in Frameworks */,
			);
			runOnlyForDeploymentPostprocessing = 0;
		};
		5903528B22B870FE00FA1056 /* Frameworks */ = {
			isa = PBXFrameworksBuildPhase;
			buildActionMask = 2147483647;
			files = (
				457A399E4DE096C742F62C70 /* Pods_RidecallTests.framework in Frameworks */,
			);
			runOnlyForDeploymentPostprocessing = 0;
		};
		5903529622B870FE00FA1056 /* Frameworks */ = {
			isa = PBXFrameworksBuildPhase;
			buildActionMask = 2147483647;
			files = (
				0EDE4F11A65E364AE4FAF57E /* Pods_RidecallUITests.framework in Frameworks */,
			);
			runOnlyForDeploymentPostprocessing = 0;
		};
/* End PBXFrameworksBuildPhase section */

/* Begin PBXGroup section */
		5903526E22B870F900FA1056 = {
			isa = PBXGroup;
			children = (
				5903527922B870F900FA1056 /* Ridecall */,
				5903527822B870F900FA1056 /* Products */,
				A97CC775188933FD8822DAA4 /* Pods */,
				E5BC1DE871BEFDFAF9819453 /* Frameworks */,
			);
			sourceTree = "<group>";
		};
		5903527822B870F900FA1056 /* Products */ = {
			isa = PBXGroup;
			children = (
				5903527722B870F900FA1056 /* Ridecall.app */,
				5903528E22B870FE00FA1056 /* RidecallTests.xctest */,
				5903529922B870FE00FA1056 /* RidecallUITests.xctest */,
			);
			name = Products;
			sourceTree = "<group>";
		};
		5903527922B870F900FA1056 /* Ridecall */ = {
			isa = PBXGroup;
			children = (
				590352AB22B8766C00FA1056 /* vehicles_data.json */,
				5903527A22B870F900FA1056 /* AppDelegate.swift */,
				5903527C22B870F900FA1056 /* ViewController.swift */,
				5903527E22B870F900FA1056 /* Main.storyboard */,
				5903528422B870FD00FA1056 /* Assets.xcassets */,
				5903528622B870FD00FA1056 /* LaunchScreen.storyboard */,
				5903528922B870FD00FA1056 /* Info.plist */,
				5903528122B870F900FA1056 /* Ridecall.xcdatamodeld */,
				590352AD22B8885A00FA1056 /* Vehicle.swift */,
			);
			path = Ridecall;
			sourceTree = "<group>";
		};
		A97CC775188933FD8822DAA4 /* Pods */ = {
			isa = PBXGroup;
			children = (
				433B1B93FCCF45AD3779A71A /* Pods-Ridecall.debug.xcconfig */,
				1C2C9CFE61756DF200454441 /* Pods-Ridecall.release.xcconfig */,
				AD5354070BBCCC7102CD6E87 /* Pods-RidecallTests.debug.xcconfig */,
				31C76AA76EB70D948354A707 /* Pods-RidecallTests.release.xcconfig */,
				E33DBA4D929EFD942648CC02 /* Pods-RidecallUITests.debug.xcconfig */,
				48E738C472C71313328AB658 /* Pods-RidecallUITests.release.xcconfig */,
			);
			path = Pods;
			sourceTree = "<group>";
		};
		E5BC1DE871BEFDFAF9819453 /* Frameworks */ = {
			isa = PBXGroup;
			children = (
				231FB7E9AFDF7F5D904FDFAA /* Pods_Ridecall.framework */,
				3565283A1F4A4F2E0C1EBC73 /* Pods_RidecallTests.framework */,
				CF19E130A522B50933A96AF8 /* Pods_RidecallUITests.framework */,
			);
			name = Frameworks;
			sourceTree = "<group>";
		};
/* End PBXGroup section */

/* Begin PBXNativeTarget section */
		5903527622B870F900FA1056 /* Ridecall */ = {
			isa = PBXNativeTarget;
			buildConfigurationList = 590352A222B870FE00FA1056 /* Build configuration list for PBXNativeTarget "Ridecall" */;
			buildPhases = (
				BEE33B16D65ADA0D259A52D9 /* [CP] Check Pods Manifest.lock */,
				5903527322B870F900FA1056 /* Sources */,
				5903527422B870F900FA1056 /* Frameworks */,
				5903527522B870F900FA1056 /* Resources */,
				29BD604F8FA8010E9619F66E /* [CP] Copy Pods Resources */,
			);
			buildRules = (
			);
			dependencies = (
			);
			name = Ridecall;
			productName = Ridecall;
			productReference = 5903527722B870F900FA1056 /* Ridecall.app */;
			productType = "com.apple.product-type.application";
		};
		5903528D22B870FE00FA1056 /* RidecallTests */ = {
			isa = PBXNativeTarget;
			buildConfigurationList = 590352A522B870FE00FA1056 /* Build configuration list for PBXNativeTarget "RidecallTests" */;
			buildPhases = (
				529C3AA60B1547D4C0F2993D /* [CP] Check Pods Manifest.lock */,
				5903528A22B870FE00FA1056 /* Sources */,
				5903528B22B870FE00FA1056 /* Frameworks */,
				5903528C22B870FE00FA1056 /* Resources */,
			);
			buildRules = (
			);
			dependencies = (
				5903529022B870FE00FA1056 /* PBXTargetDependency */,
			);
			name = RidecallTests;
			productName = RidecallTests;
			productReference = 5903528E22B870FE00FA1056 /* RidecallTests.xctest */;
			productType = "com.apple.product-type.bundle.unit-test";
		};
		5903529822B870FE00FA1056 /* RidecallUITests */ = {
			isa = PBXNativeTarget;
			buildConfigurationList = 590352A822B870FE00FA1056 /* Build configuration list for PBXNativeTarget "RidecallUITests" */;
			buildPhases = (
				110DC4D968B4E144EEE1D627 /* [CP] Check Pods Manifest.lock */,
				5903529522B870FE00FA1056 /* Sources */,
				5903529622B870FE00FA1056 /* Frameworks */,
				5903529722B870FE00FA1056 /* Resources */,
			);
			buildRules = (
			);
			dependencies = (
				5903529B22B870FE00FA1056 /* PBXTargetDependency */,
			);
			name = RidecallUITests;
			productName = RidecallUITests;
			productReference = 5903529922B870FE00FA1056 /* RidecallUITests.xctest */;
			productType = "com.apple.product-type.bundle.ui-testing";
		};
/* End PBXNativeTarget section */

/* Begin PBXProject section */
		5903526F22B870F900FA1056 /* Project object */ = {
			isa = PBXProject;
			attributes = {
				LastSwiftUpdateCheck = 1020;
				LastUpgradeCheck = 1020;
				ORGANIZATIONNAME = "Muhannad Alnemer";
				TargetAttributes = {
					5903527622B870F900FA1056 = {
						CreatedOnToolsVersion = 10.2.1;
					};
					5903528D22B870FE00FA1056 = {
						CreatedOnToolsVersion = 10.2.1;
						TestTargetID = 5903527622B870F900FA1056;
					};
					5903529822B870FE00FA1056 = {
						CreatedOnToolsVersion = 10.2.1;
						TestTargetID = 5903527622B870F900FA1056;
					};
				};
			};
			buildConfigurationList = 5903527222B870F900FA1056 /* Build configuration list for PBXProject "Ridecall" */;
			compatibilityVersion = "Xcode 9.3";
			developmentRegion = en;
			hasScannedForEncodings = 0;
			knownRegions = (
				en,
				Base,
			);
			mainGroup = 5903526E22B870F900FA1056;
			productRefGroup = 5903527822B870F900FA1056 /* Products */;
			projectDirPath = "";
			projectRoot = "";
			targets = (
				5903527622B870F900FA1056 /* Ridecall */,
				5903528D22B870FE00FA1056 /* RidecallTests */,
				5903529822B870FE00FA1056 /* RidecallUITests */,
			);
		};
/* End PBXProject section */

/* Begin PBXResourcesBuildPhase section */
		5903527522B870F900FA1056 /* Resources */ = {
			isa = PBXResourcesBuildPhase;
			buildActionMask = 2147483647;
			files = (
				5903528822B870FD00FA1056 /* LaunchScreen.storyboard in Resources */,
				5903528522B870FD00FA1056 /* Assets.xcassets in Resources */,
				590352AC22B8766C00FA1056 /* vehicles_data.json in Resources */,
				5903528022B870F900FA1056 /* Main.storyboard in Resources */,
			);
			runOnlyForDeploymentPostprocessing = 0;
		};
		5903528C22B870FE00FA1056 /* Resources */ = {
			isa = PBXResourcesBuildPhase;
			buildActionMask = 2147483647;
			files = (
			);
			runOnlyForDeploymentPostprocessing = 0;
		};
		5903529722B870FE00FA1056 /* Resources */ = {
			isa = PBXResourcesBuildPhase;
			buildActionMask = 2147483647;
			files = (
			);
			runOnlyForDeploymentPostprocessing = 0;
		};
/* End PBXResourcesBuildPhase section */

/* Begin PBXShellScriptBuildPhase section */
		110DC4D968B4E144EEE1D627 /* [CP] Check Pods Manifest.lock */ = {
			isa = PBXShellScriptBuildPhase;
			buildActionMask = 2147483647;
			files = (
			);
			inputFileListPaths = (
			);
			inputPaths = (
				"${PODS_PODFILE_DIR_PATH}/Podfile.lock",
				"${PODS_ROOT}/Manifest.lock",
			);
			name = "[CP] Check Pods Manifest.lock";
			outputFileListPaths = (
			);
			outputPaths = (
				"$(DERIVED_FILE_DIR)/Pods-RidecallUITests-checkManifestLockResult.txt",
			);
			runOnlyForDeploymentPostprocessing = 0;
			shellPath = /bin/sh;
			shellScript = "diff \"${PODS_PODFILE_DIR_PATH}/Podfile.lock\" \"${PODS_ROOT}/Manifest.lock\" > /dev/null\nif [ $? != 0 ] ; then\n    # print error to STDERR\n    echo \"error: The sandbox is not in sync with the Podfile.lock. Run 'pod install' or update your CocoaPods installation.\" >&2\n    exit 1\nfi\n# This output is used by Xcode 'outputs' to avoid re-running this script phase.\necho \"SUCCESS\" > \"${SCRIPT_OUTPUT_FILE_0}\"\n";
			showEnvVarsInLog = 0;
		};
		29BD604F8FA8010E9619F66E /* [CP] Copy Pods Resources */ = {
			isa = PBXShellScriptBuildPhase;
			buildActionMask = 2147483647;
			files = (
			);
			inputFileListPaths = (
				"${PODS_ROOT}/Target Support Files/Pods-Ridecall/Pods-Ridecall-resources-${CONFIGURATION}-input-files.xcfilelist",
			);
			name = "[CP] Copy Pods Resources";
			outputFileListPaths = (
				"${PODS_ROOT}/Target Support Files/Pods-Ridecall/Pods-Ridecall-resources-${CONFIGURATION}-output-files.xcfilelist",
			);
			runOnlyForDeploymentPostprocessing = 0;
			shellPath = /bin/sh;
			shellScript = "\"${PODS_ROOT}/Target Support Files/Pods-Ridecall/Pods-Ridecall-resources.sh\"\n";
			showEnvVarsInLog = 0;
		};
		529C3AA60B1547D4C0F2993D /* [CP] Check Pods Manifest.lock */ = {
			isa = PBXShellScriptBuildPhase;
			buildActionMask = 2147483647;
			files = (
			);
			inputFileListPaths = (
			);
			inputPaths = (
				"${PODS_PODFILE_DIR_PATH}/Podfile.lock",
				"${PODS_ROOT}/Manifest.lock",
			);
			name = "[CP] Check Pods Manifest.lock";
			outputFileListPaths = (
			);
			outputPaths = (
				"$(DERIVED_FILE_DIR)/Pods-RidecallTests-checkManifestLockResult.txt",
			);
			runOnlyForDeploymentPostprocessing = 0;
			shellPath = /bin/sh;
			shellScript = "diff \"${PODS_PODFILE_DIR_PATH}/Podfile.lock\" \"${PODS_ROOT}/Manifest.lock\" > /dev/null\nif [ $? != 0 ] ; then\n    # print error to STDERR\n    echo \"error: The sandbox is not in sync with the Podfile.lock. Run 'pod install' or update your CocoaPods installation.\" >&2\n    exit 1\nfi\n# This output is used by Xcode 'outputs' to avoid re-running this script phase.\necho \"SUCCESS\" > \"${SCRIPT_OUTPUT_FILE_0}\"\n";
			showEnvVarsInLog = 0;
		};
		BEE33B16D65ADA0D259A52D9 /* [CP] Check Pods Manifest.lock */ = {
			isa = PBXShellScriptBuildPhase;
			buildActionMask = 2147483647;
			files = (
			);
			inputFileListPaths = (
			);
			inputPaths = (
				"${PODS_PODFILE_DIR_PATH}/Podfile.lock",
				"${PODS_ROOT}/Manifest.lock",
			);
			name = "[CP] Check Pods Manifest.lock";
			outputFileListPaths = (
			);
			outputPaths = (
				"$(DERIVED_FILE_DIR)/Pods-Ridecall-checkManifestLockResult.txt",
			);
			runOnlyForDeploymentPostprocessing = 0;
			shellPath = /bin/sh;
			shellScript = "diff \"${PODS_PODFILE_DIR_PATH}/Podfile.lock\" \"${PODS_ROOT}/Manifest.lock\" > /dev/null\nif [ $? != 0 ] ; then\n    # print error to STDERR\n    echo \"error: The sandbox is not in sync with the Podfile.lock. Run 'pod install' or update your CocoaPods installation.\" >&2\n    exit 1\nfi\n# This output is used by Xcode 'outputs' to avoid re-running this script phase.\necho \"SUCCESS\" > \"${SCRIPT_OUTPUT_FILE_0}\"\n";
			showEnvVarsInLog = 0;
		};
/* End PBXShellScriptBuildPhase section */

/* Begin PBXSourcesBuildPhase section */
		5903527322B870F900FA1056 /* Sources */ = {
			isa = PBXSourcesBuildPhase;
			buildActionMask = 2147483647;
			files = (
				590352AE22B8885A00FA1056 /* Vehicle.swift in Sources */,
				5903527D22B870F900FA1056 /* ViewController.swift in Sources */,
				5903527B22B870F900FA1056 /* AppDelegate.swift in Sources */,
				5903528322B870F900FA1056 /* Ridecall.xcdatamodeld in Sources */,
			);
			runOnlyForDeploymentPostprocessing = 0;
		};
		5903528A22B870FE00FA1056 /* Sources */ = {
			isa = PBXSourcesBuildPhase;
			buildActionMask = 2147483647;
			files = (
			);
			runOnlyForDeploymentPostprocessing = 0;
		};
		5903529522B870FE00FA1056 /* Sources */ = {
			isa = PBXSourcesBuildPhase;
			buildActionMask = 2147483647;
			files = (
			);
			runOnlyForDeploymentPostprocessing = 0;
		};
/* End PBXSourcesBuildPhase section */

/* Begin PBXTargetDependency section */
		5903529022B870FE00FA1056 /* PBXTargetDependency */ = {
			isa = PBXTargetDependency;
			target = 5903527622B870F900FA1056 /* Ridecall */;
			targetProxy = 5903528F22B870FE00FA1056 /* PBXContainerItemProxy */;
		};
		5903529B22B870FE00FA1056 /* PBXTargetDependency */ = {
			isa = PBXTargetDependency;
			target = 5903527622B870F900FA1056 /* Ridecall */;
			targetProxy = 5903529A22B870FE00FA1056 /* PBXContainerItemProxy */;
		};
/* End PBXTargetDependency section */

/* Begin PBXVariantGroup section */
		5903527E22B870F900FA1056 /* Main.storyboard */ = {
			isa = PBXVariantGroup;
			children = (
				5903527F22B870F900FA1056 /* Base */,
			);
			name = Main.storyboard;
			sourceTree = "<group>";
		};
		5903528622B870FD00FA1056 /* LaunchScreen.storyboard */ = {
			isa = PBXVariantGroup;
			children = (
				5903528722B870FD00FA1056 /* Base */,
			);
			name = LaunchScreen.storyboard;
			sourceTree = "<group>";
		};
/* End PBXVariantGroup section */

/* Begin XCBuildConfiguration section */
		590352A022B870FE00FA1056 /* Debug */ = {
			isa = XCBuildConfiguration;
			buildSettings = {
				ALWAYS_SEARCH_USER_PATHS = NO;
				CLANG_ANALYZER_NONNULL = YES;
				CLANG_ANALYZER_NUMBER_OBJECT_CONVERSION = YES_AGGRESSIVE;
				CLANG_CXX_LANGUAGE_STANDARD = "gnu++14";
				CLANG_CXX_LIBRARY = "libc++";
				CLANG_ENABLE_MODULES = YES;
				CLANG_ENABLE_OBJC_ARC = YES;
				CLANG_ENABLE_OBJC_WEAK = YES;
				CLANG_WARN_BLOCK_CAPTURE_AUTORELEASING = YES;
				CLANG_WARN_BOOL_CONVERSION = YES;
				CLANG_WARN_COMMA = YES;
				CLANG_WARN_CONSTANT_CONVERSION = YES;
				CLANG_WARN_DEPRECATED_OBJC_IMPLEMENTATIONS = YES;
				CLANG_WARN_DIRECT_OBJC_ISA_USAGE = YES_ERROR;
				CLANG_WARN_DOCUMENTATION_COMMENTS = YES;
				CLANG_WARN_EMPTY_BODY = YES;
				CLANG_WARN_ENUM_CONVERSION = YES;
				CLANG_WARN_INFINITE_RECURSION = YES;
				CLANG_WARN_INT_CONVERSION = YES;
				CLANG_WARN_NON_LITERAL_NULL_CONVERSION = YES;
				CLANG_WARN_OBJC_IMPLICIT_RETAIN_SELF = YES;
				CLANG_WARN_OBJC_LITERAL_CONVERSION = YES;
				CLANG_WARN_OBJC_ROOT_CLASS = YES_ERROR;
				CLANG_WARN_RANGE_LOOP_ANALYSIS = YES;
				CLANG_WARN_STRICT_PROTOTYPES = YES;
				CLANG_WARN_SUSPICIOUS_MOVE = YES;
				CLANG_WARN_UNGUARDED_AVAILABILITY = YES_AGGRESSIVE;
				CLANG_WARN_UNREACHABLE_CODE = YES;
				CLANG_WARN__DUPLICATE_METHOD_MATCH = YES;
				CODE_SIGN_IDENTITY = "iPhone Developer";
				COPY_PHASE_STRIP = NO;
				DEBUG_INFORMATION_FORMAT = dwarf;
				ENABLE_STRICT_OBJC_MSGSEND = YES;
				ENABLE_TESTABILITY = YES;
				GCC_C_LANGUAGE_STANDARD = gnu11;
				GCC_DYNAMIC_NO_PIC = NO;
				GCC_NO_COMMON_BLOCKS = YES;
				GCC_OPTIMIZATION_LEVEL = 0;
				GCC_PREPROCESSOR_DEFINITIONS = (
					"DEBUG=1",
					"$(inherited)",
				);
				GCC_WARN_64_TO_32_BIT_CONVERSION = YES;
				GCC_WARN_ABOUT_RETURN_TYPE = YES_ERROR;
				GCC_WARN_UNDECLARED_SELECTOR = YES;
				GCC_WARN_UNINITIALIZED_AUTOS = YES_AGGRESSIVE;
				GCC_WARN_UNUSED_FUNCTION = YES;
				GCC_WARN_UNUSED_VARIABLE = YES;
				IPHONEOS_DEPLOYMENT_TARGET = 12.2;
				MTL_ENABLE_DEBUG_INFO = INCLUDE_SOURCE;
				MTL_FAST_MATH = YES;
				ONLY_ACTIVE_ARCH = YES;
				SDKROOT = iphoneos;
				SWIFT_ACTIVE_COMPILATION_CONDITIONS = DEBUG;
				SWIFT_OPTIMIZATION_LEVEL = "-Onone";
			};
			name = Debug;
		};
		590352A122B870FE00FA1056 /* Release */ = {
			isa = XCBuildConfiguration;
			buildSettings = {
				ALWAYS_SEARCH_USER_PATHS = NO;
				CLANG_ANALYZER_NONNULL = YES;
				CLANG_ANALYZER_NUMBER_OBJECT_CONVERSION = YES_AGGRESSIVE;
				CLANG_CXX_LANGUAGE_STANDARD = "gnu++14";
				CLANG_CXX_LIBRARY = "libc++";
				CLANG_ENABLE_MODULES = YES;
				CLANG_ENABLE_OBJC_ARC = YES;
				CLANG_ENABLE_OBJC_WEAK = YES;
				CLANG_WARN_BLOCK_CAPTURE_AUTORELEASING = YES;
				CLANG_WARN_BOOL_CONVERSION = YES;
				CLANG_WARN_COMMA = YES;
				CLANG_WARN_CONSTANT_CONVERSION = YES;
				CLANG_WARN_DEPRECATED_OBJC_IMPLEMENTATIONS = YES;
				CLANG_WARN_DIRECT_OBJC_ISA_USAGE = YES_ERROR;
				CLANG_WARN_DOCUMENTATION_COMMENTS = YES;
				CLANG_WARN_EMPTY_BODY = YES;
				CLANG_WARN_ENUM_CONVERSION = YES;
				CLANG_WARN_INFINITE_RECURSION = YES;
				CLANG_WARN_INT_CONVERSION = YES;
				CLANG_WARN_NON_LITERAL_NULL_CONVERSION = YES;
				CLANG_WARN_OBJC_IMPLICIT_RETAIN_SELF = YES;
				CLANG_WARN_OBJC_LITERAL_CONVERSION = YES;
				CLANG_WARN_OBJC_ROOT_CLASS = YES_ERROR;
				CLANG_WARN_RANGE_LOOP_ANALYSIS = YES;
				CLANG_WARN_STRICT_PROTOTYPES = YES;
				CLANG_WARN_SUSPICIOUS_MOVE = YES;
				CLANG_WARN_UNGUARDED_AVAILABILITY = YES_AGGRESSIVE;
				CLANG_WARN_UNREACHABLE_CODE = YES;
				CLANG_WARN__DUPLICATE_METHOD_MATCH = YES;
				CODE_SIGN_IDENTITY = "iPhone Developer";
				COPY_PHASE_STRIP = NO;
				DEBUG_INFORMATION_FORMAT = "dwarf-with-dsym";
				ENABLE_NS_ASSERTIONS = NO;
				ENABLE_STRICT_OBJC_MSGSEND = YES;
				GCC_C_LANGUAGE_STANDARD = gnu11;
				GCC_NO_COMMON_BLOCKS = YES;
				GCC_WARN_64_TO_32_BIT_CONVERSION = YES;
				GCC_WARN_ABOUT_RETURN_TYPE = YES_ERROR;
				GCC_WARN_UNDECLARED_SELECTOR = YES;
				GCC_WARN_UNINITIALIZED_AUTOS = YES_AGGRESSIVE;
				GCC_WARN_UNUSED_FUNCTION = YES;
				GCC_WARN_UNUSED_VARIABLE = YES;
				IPHONEOS_DEPLOYMENT_TARGET = 12.2;
				MTL_ENABLE_DEBUG_INFO = NO;
				MTL_FAST_MATH = YES;
				SDKROOT = iphoneos;
				SWIFT_COMPILATION_MODE = wholemodule;
				SWIFT_OPTIMIZATION_LEVEL = "-O";
				VALIDATE_PRODUCT = YES;
			};
			name = Release;
		};
		590352A322B870FE00FA1056 /* Debug */ = {
			isa = XCBuildConfiguration;
			baseConfigurationReference = 433B1B93FCCF45AD3779A71A /* Pods-Ridecall.debug.xcconfig */;
			buildSettings = {
				ASSETCATALOG_COMPILER_APPICON_NAME = AppIcon;
				CODE_SIGN_STYLE = Automatic;
				DEVELOPMENT_TEAM = WXT8YUFTMG;
				INFOPLIST_FILE = Ridecall/Info.plist;
				LD_RUNPATH_SEARCH_PATHS = (
					"$(inherited)",
					"@executable_path/Frameworks",
				);
				PRODUCT_BUNDLE_IDENTIFIER = com.mhnd.Ridecall;
				PRODUCT_NAME = "$(TARGET_NAME)";
				SWIFT_VERSION = 5.0;
				TARGETED_DEVICE_FAMILY = "1,2";
			};
			name = Debug;
		};
		590352A422B870FE00FA1056 /* Release */ = {
			isa = XCBuildConfiguration;
			baseConfigurationReference = 1C2C9CFE61756DF200454441 /* Pods-Ridecall.release.xcconfig */;
			buildSettings = {
				ASSETCATALOG_COMPILER_APPICON_NAME = AppIcon;
				CODE_SIGN_STYLE = Automatic;
				DEVELOPMENT_TEAM = WXT8YUFTMG;
				INFOPLIST_FILE = Ridecall/Info.plist;
				LD_RUNPATH_SEARCH_PATHS = (
					"$(inherited)",
					"@executable_path/Frameworks",
				);
				PRODUCT_BUNDLE_IDENTIFIER = com.mhnd.Ridecall;
				PRODUCT_NAME = "$(TARGET_NAME)";
				SWIFT_VERSION = 5.0;
				TARGETED_DEVICE_FAMILY = "1,2";
			};
			name = Release;
		};
		590352A622B870FE00FA1056 /* Debug */ = {
			isa = XCBuildConfiguration;
			baseConfigurationReference = AD5354070BBCCC7102CD6E87 /* Pods-RidecallTests.debug.xcconfig */;
			buildSettings = {
				ALWAYS_EMBED_SWIFT_STANDARD_LIBRARIES = YES;
				BUNDLE_LOADER = "$(TEST_HOST)";
				CODE_SIGN_STYLE = Automatic;
				DEVELOPMENT_TEAM = WXT8YUFTMG;
				INFOPLIST_FILE = RidecallTests/Info.plist;
				LD_RUNPATH_SEARCH_PATHS = (
					"$(inherited)",
					"@executable_path/Frameworks",
					"@loader_path/Frameworks",
				);
				PRODUCT_BUNDLE_IDENTIFIER = com.mhnd.RidecallTests;
				PRODUCT_NAME = "$(TARGET_NAME)";
				SWIFT_VERSION = 5.0;
				TARGETED_DEVICE_FAMILY = "1,2";
				TEST_HOST = "$(BUILT_PRODUCTS_DIR)/Ridecall.app/Ridecall";
			};
			name = Debug;
		};
		590352A722B870FE00FA1056 /* Release */ = {
			isa = XCBuildConfiguration;
			baseConfigurationReference = 31C76AA76EB70D948354A707 /* Pods-RidecallTests.release.xcconfig */;
			buildSettings = {
				ALWAYS_EMBED_SWIFT_STANDARD_LIBRARIES = YES;
				BUNDLE_LOADER = "$(TEST_HOST)";
				CODE_SIGN_STYLE = Automatic;
				DEVELOPMENT_TEAM = WXT8YUFTMG;
				INFOPLIST_FILE = RidecallTests/Info.plist;
				LD_RUNPATH_SEARCH_PATHS = (
					"$(inherited)",
					"@executable_path/Frameworks",
					"@loader_path/Frameworks",
				);
				PRODUCT_BUNDLE_IDENTIFIER = com.mhnd.RidecallTests;
				PRODUCT_NAME = "$(TARGET_NAME)";
				SWIFT_VERSION = 5.0;
				TARGETED_DEVICE_FAMILY = "1,2";
				TEST_HOST = "$(BUILT_PRODUCTS_DIR)/Ridecall.app/Ridecall";
			};
			name = Release;
		};
		590352A922B870FE00FA1056 /* Debug */ = {
			isa = XCBuildConfiguration;
			baseConfigurationReference = E33DBA4D929EFD942648CC02 /* Pods-RidecallUITests.debug.xcconfig */;
			buildSettings = {
				ALWAYS_EMBED_SWIFT_STANDARD_LIBRARIES = YES;
				CODE_SIGN_STYLE = Automatic;
				DEVELOPMENT_TEAM = WXT8YUFTMG;
				INFOPLIST_FILE = RidecallUITests/Info.plist;
				LD_RUNPATH_SEARCH_PATHS = (
					"$(inherited)",
					"@executable_path/Frameworks",
					"@loader_path/Frameworks",
				);
				PRODUCT_BUNDLE_IDENTIFIER = com.mhnd.RidecallUITests;
				PRODUCT_NAME = "$(TARGET_NAME)";
				SWIFT_VERSION = 5.0;
				TARGETED_DEVICE_FAMILY = "1,2";
				TEST_TARGET_NAME = Ridecall;
			};
			name = Debug;
		};
		590352AA22B870FE00FA1056 /* Release */ = {
			isa = XCBuildConfiguration;
			baseConfigurationReference = 48E738C472C71313328AB658 /* Pods-RidecallUITests.release.xcconfig */;
			buildSettings = {
				ALWAYS_EMBED_SWIFT_STANDARD_LIBRARIES = YES;
				CODE_SIGN_STYLE = Automatic;
				DEVELOPMENT_TEAM = WXT8YUFTMG;
				INFOPLIST_FILE = RidecallUITests/Info.plist;
				LD_RUNPATH_SEARCH_PATHS = (
					"$(inherited)",
					"@executable_path/Frameworks",
					"@loader_path/Frameworks",
				);
				PRODUCT_BUNDLE_IDENTIFIER = com.mhnd.RidecallUITests;
				PRODUCT_NAME = "$(TARGET_NAME)";
				SWIFT_VERSION = 5.0;
				TARGETED_DEVICE_FAMILY = "1,2";
				TEST_TARGET_NAME = Ridecall;
			};
			name = Release;
		};
/* End XCBuildConfiguration section */

/* Begin XCConfigurationList section */
		5903527222B870F900FA1056 /* Build configuration list for PBXProject "Ridecall" */ = {
			isa = XCConfigurationList;
			buildConfigurations = (
				590352A022B870FE00FA1056 /* Debug */,
				590352A122B870FE00FA1056 /* Release */,
			);
			defaultConfigurationIsVisible = 0;
			defaultConfigurationName = Release;
		};
		590352A222B870FE00FA1056 /* Build configuration list for PBXNativeTarget "Ridecall" */ = {
			isa = XCConfigurationList;
			buildConfigurations = (
				590352A322B870FE00FA1056 /* Debug */,
				590352A422B870FE00FA1056 /* Release */,
			);
			defaultConfigurationIsVisible = 0;
			defaultConfigurationName = Release;
		};
		590352A522B870FE00FA1056 /* Build configuration list for PBXNativeTarget "RidecallTests" */ = {
			isa = XCConfigurationList;
			buildConfigurations = (
				590352A622B870FE00FA1056 /* Debug */,
				590352A722B870FE00FA1056 /* Release */,
			);
			defaultConfigurationIsVisible = 0;
			defaultConfigurationName = Release;
		};
		590352A822B870FE00FA1056 /* Build configuration list for PBXNativeTarget "RidecallUITests" */ = {
			isa = XCConfigurationList;
			buildConfigurations = (
				590352A922B870FE00FA1056 /* Debug */,
				590352AA22B870FE00FA1056 /* Release */,
			);
			defaultConfigurationIsVisible = 0;
			defaultConfigurationName = Release;
		};
/* End XCConfigurationList section */

/* Begin XCVersionGroup section */
		5903528122B870F900FA1056 /* Ridecall.xcdatamodeld */ = {
			isa = XCVersionGroup;
			children = (
				5903528222B870F900FA1056 /* Ridecall.xcdatamodel */,
			);
			currentVersion = 5903528222B870F900FA1056 /* Ridecall.xcdatamodel */;
			path = Ridecall.xcdatamodeld;
			sourceTree = "<group>";
			versionGroupType = wrapper.xcdatamodel;
		};
/* End XCVersionGroup section */
	};
	rootObject = 5903526F22B870F900FA1056 /* Project object */;
}
